
Microsoft Visual Studio Solution File, Format Version 12.00
# Visual Studio Version 17
VisualStudioVersion = 17.3.32922.545
MinimumVisualStudioVersion = 10.0.40219.1
Project("{FAE04EC0-301F-11D3-BF4B-00C04F79EFBC}") = "HelloWorldNet6", "HelloWorldNet6.csproj", "{C81AF6B5-E804-4D8D-8880-2551C7F1BDE7}"
EndProject
Global
	GlobalSection(SolutionConfigurationPlatforms) = preSolution
		Debug|Any CPU = Debug|Any CPU
		Release|Any CPU = Release|Any CPU
	EndGlobalSection
	GlobalSection(ProjectConfigurationPlatforms) = postSolution
		{C81AF6B5-E804-4D8D-8880-2551C7F1BDE7}.Debug|Any CPU.ActiveCfg = Debug|Any CPU
		{C81AF6B5-E804-4D8D-8880-2551C7F1BDE7}.Debug|Any CPU.Build.0 = Debug|Any CPU
		{C81AF6B5-E804-4D8D-8880-2551C7F1BDE7}.Release|Any CPU.ActiveCfg = Release|Any CPU
		{C81AF6B5-E804-4D8D-8880-2551C7F1BDE7}.Release|Any CPU.Build.0 = Release|Any CPU
	EndGlobalSection
	GlobalSection(SolutionProperties) = preSolution
		HideSolutionNode = FALSE
	EndGlobalSection
	GlobalSection(ExtensibilityGlobals) = postSolution
		SolutionGuid = {30997D80-5B2B-461A-9D79-93D73E007071}
	EndGlobalSection
EndGlobal
